github.com/prometheus/client_golang v1.23.0 h1:ust4zpdl9r4trLY/gSjlm07PuiBq2ynaXXlptpfy8Uc=
github.com/prometheus/client_golang v1.23.0/go.mod h1:i/o0R9ByOnHX0McrTMTyhYvKE4haaf2mW08I+jGAjEE=
github.com/tidwall/btree v1.1.0/go.mod h1:TzIRzen6yHbibdSfK6t8QimqbUnoxUSrZfeW7Uob0q4=
github.com/tidwall/btree v1.8.1 h1:27ehoXvm5AG/g+1VxLS1SD3vRhp/H7LuEfwNvddEdmA=
github.com/tidwall/btree v1.8.1/go.mod h1:jBbTdUWhSZClZWoDg54VnvV7/54modSOzDN7VXftj1A=
github.com/tidwall/match v1.1.1 h1:+Ho715JplO36QYgwN9PGYNhgZvoUSc9X2c80KVTi+GA=
github.com/tidwall/match v1.1.1/go.mod h1:eRSPERbgtNPcGhD8UCthc6PmLEQXEWd3PRB5JTxsfmM=
github.com/tidwall/redcon v1.6.2 h1:5qfvrrybgtO85jnhSravmkZyC0D+7WstbfCs3MmPhow=
github.com/tidwall/redcon v1.6.2/go.mod h1:p5Wbsgeyi2VSTBWOcA5vRXrOb9arFTcU2+ZzFjqV75Y=
